Microsoft Visual Studio Solution File, Format Version 12.00
# Visual Studio Version 17
VisualStudioVersion = 17.0.31903.59
MinimumVisualStudioVersion = 10.0.40219.1
Project("{FAE04EC0-301F-11D3-BF4B-00C04F79EFBC}") = "MarketMinds", "MarketMinds.csproj", "{3B42F394-D49C-4032-AAFA-1ADB3300358D}"
EndProject
Project("{FAE04EC0-301F-11D3-BF4B-00C04F79EFBC}") = "MarketMinds.Test", "..\MarketMinds.Test\MarketMinds.Test.csproj", "{E6E2D401-3B3A-EF34-E01E-4969A9F3A24E}"
EndProject
Global
	GlobalSection(SolutionConfigurationPlatforms) = preSolution
		Debug|ARM64 = Debug|ARM64
		Debug|x64 = Debug|x64
		Release|ARM64 = Release|ARM64
		Release|x64 = Release|x64
	EndGlobalSection
	GlobalSection(ProjectConfigurationPlatforms) = postSolution
		{3B42F394-D49C-4032-AAFA-1ADB3300358D}.Debug|ARM64.ActiveCfg = Debug|ARM64
		{3B42F394-D49C-4032-AAFA-1ADB3300358D}.Debug|ARM64.Build.0 = Debug|ARM64
		{3B42F394-D49C-4032-AAFA-1ADB3300358D}.Debug|x64.ActiveCfg = Debug|x64
		{3B42F394-D49C-4032-AAFA-1ADB3300358D}.Debug|x64.Build.0 = Debug|x64
		{3B42F394-D49C-4032-AAFA-1ADB3300358D}.Debug|x64.Deploy.0 = Debug|x64
		{3B42F394-D49C-4032-AAFA-1ADB3300358D}.Release|ARM64.ActiveCfg = Release|ARM64
		{3B42F394-D49C-4032-AAFA-1ADB3300358D}.Release|ARM64.Build.0 = Release|ARM64
		{3B42F394-D49C-4032-AAFA-1ADB3300358D}.Release|x64.ActiveCfg = Release|x64
		{3B42F394-D49C-4032-AAFA-1ADB3300358D}.Release|x64.Build.0 = Release|x64
		{E6E2D401-3B3A-EF34-E01E-4969A9F3A24E}.Debug|ARM64.ActiveCfg = Debug|Any CPU
		{E6E2D401-3B3A-EF34-E01E-4969A9F3A24E}.Debug|ARM64.Build.0 = Debug|Any CPU
		{E6E2D401-3B3A-EF34-E01E-4969A9F3A24E}.Debug|x64.ActiveCfg = Debug|Any CPU
		{E6E2D401-3B3A-EF34-E01E-4969A9F3A24E}.Debug|x64.Build.0 = Debug|Any CPU
		{E6E2D401-3B3A-EF34-E01E-4969A9F3A24E}.Release|ARM64.ActiveCfg = Release|Any CPU
		{E6E2D401-3B3A-EF34-E01E-4969A9F3A24E}.Release|ARM64.Build.0 = Release|Any CPU
		{E6E2D401-3B3A-EF34-E01E-4969A9F3A24E}.Release|x64.ActiveCfg = Release|Any CPU
		{E6E2D401-3B3A-EF34-E01E-4969A9F3A24E}.Release|x64.Build.0 = Release|Any CPU
	EndGlobalSection
	GlobalSection(SolutionProperties) = preSolution
		HideSolutionNode = FALSE
	EndGlobalSection
	GlobalSection(ExtensibilityGlobals) = postSolution
		SolutionGuid = {91DF01CD-C863-4D80-9078-028B13DBF84B}
	EndGlobalSection
EndGlobal
